// !$*UTF8*$!
{
	archiveVersion = 1;
	classes = {
	};
	objectVersion = 56;
	objects = {

/* Begin PBXBuildFile section */
		9666D3F62A5C629D0054C0A4 /* webhook_testApp.swift in Sources */ = {isa = PBXBuildFile; fileRef = 9666D3F52A5C629D0054C0A4 /* webhook_testApp.swift */; };
		9666D3F82A5C629D0054C0A4 /* ContentView.swift in Sources */ = {isa = PBXBuildFile; fileRef = 9666D3F72A5C629D0054C0A4 /* ContentView.swift */; };
		9666D3FA2A5C629E0054C0A4 /* Assets.xcassets in Resources */ = {isa = PBXBuildFile; fileRef = 9666D3F92A5C629E0054C0A4 /* Assets.xcassets */; };
		9666D3FD2A5C629E0054C0A4 /* Preview Assets.xcassets in Resources */ = {isa = PBXBuildFile; fileRef = 9666D3FC2A5C629E0054C0A4 /* Preview Assets.xcassets */; };
		9666D4072A5C629E0054C0A4 /* webhook_testTests.swift in Sources */ = {isa = PBXBuildFile; fileRef = 9666D4062A5C629E0054C0A4 /* webhook_testTests.swift */; };
		9666D4112A5C629E0054C0A4 /* webhook_testUITests.swift in Sources */ = {isa = PBXBuildFile; fileRef = 9666D4102A5C629E0054C0A4 /* webhook_testUITests.swift */; };
		9666D4132A5C629E0054C0A4 /* webhook_testUITestsLaunchTests.swift in Sources */ = {isa = PBXBuildFile; fileRef = 9666D4122A5C629E0054C0A4 /* webhook_testUITestsLaunchTests.swift */; };
		9666D4312A5C6A8C0054C0A4 /* Strings+Generated.swift in Sources */ = {isa = PBXBuildFile; fileRef = 9666D42F2A5C6A8C0054C0A4 /* Strings+Generated.swift */; };
		9666D4322A5C6A8C0054C0A4 /* XCAssets+Generated.swift in Sources */ = {isa = PBXBuildFile; fileRef = 9666D4302A5C6A8C0054C0A4 /* XCAssets+Generated.swift */; };
		9666D4502A5C7C8F0054C0A4 /* ContentView.strings in Resources */ = {isa = PBXBuildFile; fileRef = 9666D4522A5C7C8F0054C0A4 /* ContentView.strings */; };
		9666D4572A5C7E2D0054C0A4 /* BookView.strings in Resources */ = {isa = PBXBuildFile; fileRef = 9666D4592A5C7E2D0054C0A4 /* BookView.strings */; };
/* End PBXBuildFile section */

/* Begin PBXContainerItemProxy section */
		9666D4032A5C629E0054C0A4 /* PBXContainerItemProxy */ = {
			isa = PBXContainerItemProxy;
			containerPortal = 9666D3EA2A5C629D0054C0A4 /* Project object */;
			proxyType = 1;
			remoteGlobalIDString = 9666D3F12A5C629D0054C0A4;
			remoteInfo = "webhook-test";
		};
		9666D40D2A5C629E0054C0A4 /* PBXContainerItemProxy */ = {
			isa = PBXContainerItemProxy;
			containerPortal = 9666D3EA2A5C629D0054C0A4 /* Project object */;
			proxyType = 1;
			remoteGlobalIDString = 9666D3F12A5C629D0054C0A4;
			remoteInfo = "webhook-test";
		};
/* End PBXContainerItemProxy section */

/* Begin PBXFileReference section */
		9666D3F22A5C629D0054C0A4 /* webhook-test.app */ = {isa = PBXFileReference; explicitFileType = wrapper.application; includeInIndex = 0; path = "webhook-test.app"; sourceTree = BUILT_PRODUCTS_DIR; };
		9666D3F52A5C629D0054C0A4 /* webhook_testApp.swift */ = {isa = PBXFileReference; lastKnownFileType = sourcecode.swift; path = webhook_testApp.swift; sourceTree = "<group>"; };
		9666D3F72A5C629D0054C0A4 /* ContentView.swift */ = {isa = PBXFileReference; lastKnownFileType = sourcecode.swift; path = ContentView.swift; sourceTree = "<group>"; };
		9666D3F92A5C629E0054C0A4 /* Assets.xcassets */ = {isa = PBXFileReference; lastKnownFileType = folder.assetcatalog; path = Assets.xcassets; sourceTree = "<group>"; };
		9666D3FC2A5C629E0054C0A4 /* Preview Assets.xcassets */ = {isa = PBXFileReference; lastKnownFileType = folder.assetcatalog; path = "Preview Assets.xcassets"; sourceTree = "<group>"; };
		9666D4022A5C629E0054C0A4 /* webhook-testTests.xctest */ = {isa = PBXFileReference; explicitFileType = wrapper.cfbundle; includeInIndex = 0; path = "webhook-testTests.xctest"; sourceTree = BUILT_PRODUCTS_DIR; };
		9666D4062A5C629E0054C0A4 /* webhook_testTests.swift */ = {isa = PBXFileReference; lastKnownFileType = sourcecode.swift; path = webhook_testTests.swift; sourceTree = "<group>"; };
		9666D40C2A5C629E0054C0A4 /* webhook-testUITests.xctest */ = {isa = PBXFileReference; explicitFileType = wrapper.cfbundle; includeInIndex = 0; path = "webhook-testUITests.xctest"; sourceTree = BUILT_PRODUCTS_DIR; };
		9666D4102A5C629E0054C0A4 /* webhook_testUITests.swift */ = {isa = PBXFileReference; lastKnownFileType = sourcecode.swift; path = webhook_testUITests.swift; sourceTree = "<group>"; };
		9666D4122A5C629E0054C0A4 /* webhook_testUITestsLaunchTests.swift */ = {isa = PBXFileReference; lastKnownFileType = sourcecode.swift; path = webhook_testUITestsLaunchTests.swift; sourceTree = "<group>"; };
		9666D4202A5C65BF0054C0A4 /* .swiftlint.yml */ = {isa = PBXFileReference; lastKnownFileType = text.yaml; path = .swiftlint.yml; sourceTree = "<group>"; };
		9666D4222A5C67190054C0A4 /* swiftgen.yml */ = {isa = PBXFileReference; lastKnownFileType = text.yaml; path = swiftgen.yml; sourceTree = "<group>"; };
		9666D42F2A5C6A8C0054C0A4 /* Strings+Generated.swift */ = {isa = PBXFileReference; fileEncoding = 4; lastKnownFileType = sourcecode.swift; path = "Strings+Generated.swift"; sourceTree = "<group>"; };
		9666D4302A5C6A8C0054C0A4 /* XCAssets+Generated.swift */ = {isa = PBXFileReference; fileEncoding = 4; lastKnownFileType = sourcecode.swift; path = "XCAssets+Generated.swift"; sourceTree = "<group>"; };
		9666D4472A5C7B360054C0A4 /* README.md */ = {isa = PBXFileReference; lastKnownFileType = net.daringfireball.markdown; path = README.md; sourceTree = "<group>"; };
		9666D4512A5C7C8F0054C0A4 /* en */ = {isa = PBXFileReference; lastKnownFileType = text.plist.strings; name = en; path = en.lproj/ContentView.strings; sourceTree = "<group>"; };
		9666D4532A5C7C920054C0A4 /* id */ = {isa = PBXFileReference; lastKnownFileType = text.plist.strings; name = id; path = id.lproj/ContentView.strings; sourceTree = "<group>"; };
		9666D4582A5C7E2D0054C0A4 /* en */ = {isa = PBXFileReference; lastKnownFileType = text.plist.strings; name = en; path = en.lproj/BookView.strings; sourceTree = "<group>"; };
		9666D45A2A5C7E2E0054C0A4 /* id */ = {isa = PBXFileReference; lastKnownFileType = text.plist.strings; name = id; path = id.lproj/BookView.strings; sourceTree = "<group>"; };
/* End PBXFileReference section */

/* Begin PBXFrameworksBuildPhase section */
		9666D3EF2A5C629D0054C0A4 /* Frameworks */ = {
			isa = PBXFrameworksBuildPhase;
			buildActionMask = 2147483647;
			files = (
			);
			runOnlyForDeploymentPostprocessing = 0;
		};
		9666D3FF2A5C629E0054C0A4 /* Frameworks */ = {
			isa = PBXFrameworksBuildPhase;
			buildActionMask = 2147483647;
			files = (
			);
			runOnlyForDeploymentPostprocessing = 0;
		};
		9666D4092A5C629E0054C0A4 /* Frameworks */ = {
			isa = PBXFrameworksBuildPhase;
			buildActionMask = 2147483647;
			files = (
			);
			runOnlyForDeploymentPostprocessing = 0;
		};
/* End PBXFrameworksBuildPhase section */

/* Begin PBXGroup section */
		9666D3E92A5C629D0054C0A4 = {
			isa = PBXGroup;
			children = (
				9666D4472A5C7B360054C0A4 /* README.md */,
				9666D4202A5C65BF0054C0A4 /* .swiftlint.yml */,
				9666D3F42A5C629D0054C0A4 /* webhook-test */,
				9666D4052A5C629E0054C0A4 /* webhook-testTests */,
				9666D40F2A5C629E0054C0A4 /* webhook-testUITests */,
				9666D3F32A5C629D0054C0A4 /* Products */,
			);
			sourceTree = "<group>";
		};
		9666D3F32A5C629D0054C0A4 /* Products */ = {
			isa = PBXGroup;
			children = (
				9666D3F22A5C629D0054C0A4 /* webhook-test.app */,
				9666D4022A5C629E0054C0A4 /* webhook-testTests.xctest */,
				9666D40C2A5C629E0054C0A4 /* webhook-testUITests.xctest */,
			);
			name = Products;
			sourceTree = "<group>";
		};
		9666D3F42A5C629D0054C0A4 /* webhook-test */ = {
			isa = PBXGroup;
			children = (
				9666D4232A5C68460054C0A4 /* Resources */,
				9666D4222A5C67190054C0A4 /* swiftgen.yml */,
				9666D3F52A5C629D0054C0A4 /* webhook_testApp.swift */,
				9666D3F72A5C629D0054C0A4 /* ContentView.swift */,
				9666D3FB2A5C629E0054C0A4 /* Preview Content */,
			);
			path = "webhook-test";
			sourceTree = "<group>";
		};
		9666D3FB2A5C629E0054C0A4 /* Preview Content */ = {
			isa = PBXGroup;
			children = (
				9666D3FC2A5C629E0054C0A4 /* Preview Assets.xcassets */,
			);
			path = "Preview Content";
			sourceTree = "<group>";
		};
		9666D4052A5C629E0054C0A4 /* webhook-testTests */ = {
			isa = PBXGroup;
			children = (
				9666D4062A5C629E0054C0A4 /* webhook_testTests.swift */,
			);
			path = "webhook-testTests";
			sourceTree = "<group>";
		};
		9666D40F2A5C629E0054C0A4 /* webhook-testUITests */ = {
			isa = PBXGroup;
			children = (
				9666D4102A5C629E0054C0A4 /* webhook_testUITests.swift */,
				9666D4122A5C629E0054C0A4 /* webhook_testUITestsLaunchTests.swift */,
			);
			path = "webhook-testUITests";
			sourceTree = "<group>";
		};
		9666D4232A5C68460054C0A4 /* Resources */ = {
			isa = PBXGroup;
			children = (
				9666D4602A5C7E960054C0A4 /* Core */,
				9666D45D2A5C7E7C0054C0A4 /* Features */,
				9666D42F2A5C6A8C0054C0A4 /* Strings+Generated.swift */,
				9666D4302A5C6A8C0054C0A4 /* XCAssets+Generated.swift */,
				9666D3F92A5C629E0054C0A4 /* Assets.xcassets */,
			);
			path = Resources;
			sourceTree = "<group>";
		};
		9666D45B2A5C7E6F0054C0A4 /* Book */ = {
			isa = PBXGroup;
			children = (
				9666D45C2A5C7E760054C0A4 /* Presentation */,
			);
			path = Book;
			sourceTree = "<group>";
		};
		9666D45C2A5C7E760054C0A4 /* Presentation */ = {
			isa = PBXGroup;
			children = (
				9666D45E2A5C7E860054C0A4 /* Pages */,
			);
			path = Presentation;
			sourceTree = "<group>";
		};
		9666D45D2A5C7E7C0054C0A4 /* Features */ = {
			isa = PBXGroup;
			children = (
				9666D45B2A5C7E6F0054C0A4 /* Book */,
			);
			path = Features;
			sourceTree = "<group>";
		};
		9666D45E2A5C7E860054C0A4 /* Pages */ = {
			isa = PBXGroup;
			children = (
				9666D4592A5C7E2D0054C0A4 /* BookView.strings */,
			);
			path = Pages;
			sourceTree = "<group>";
		};
		9666D4602A5C7E960054C0A4 /* Core */ = {
			isa = PBXGroup;
			children = (
				9666D4612A5C7E9B0054C0A4 /* Content */,
			);
			path = Core;
			sourceTree = "<group>";
		};
		9666D4612A5C7E9B0054C0A4 /* Content */ = {
			isa = PBXGroup;
			children = (
				9666D4622A5C7ED40054C0A4 /* Presentation */,
			);
			path = Content;
			sourceTree = "<group>";
		};
		9666D4622A5C7ED40054C0A4 /* Presentation */ = {
			isa = PBXGroup;
			children = (
				9666D4632A5C7ED90054C0A4 /* Pages */,
			);
			path = Presentation;
			sourceTree = "<group>";
		};
		9666D4632A5C7ED90054C0A4 /* Pages */ = {
			isa = PBXGroup;
			children = (
				9666D4522A5C7C8F0054C0A4 /* ContentView.strings */,
			);
			path = Pages;
			sourceTree = "<group>";
		};
/* End PBXGroup section */

/* Begin PBXNativeTarget section */
		9666D3F12A5C629D0054C0A4 /* webhook-test */ = {
			isa = PBXNativeTarget;
			buildConfigurationList = 9666D4162A5C629E0054C0A4 /* Build configuration list for PBXNativeTarget "webhook-test" */;
			buildPhases = (
				9666D3EE2A5C629D0054C0A4 /* Sources */,
				9666D3EF2A5C629D0054C0A4 /* Frameworks */,
				9666D3F02A5C629D0054C0A4 /* Resources */,
				9666D41F2A5C63D80054C0A4 /* Swiftlint */,
			);
			buildRules = (
			);
			dependencies = (
			);
			name = "webhook-test";
			productName = "webhook-test";
			productReference = 9666D3F22A5C629D0054C0A4 /* webhook-test.app */;
			productType = "com.apple.product-type.application";
		};
		9666D4012A5C629E0054C0A4 /* webhook-testTests */ = {
			isa = PBXNativeTarget;
			buildConfigurationList = 9666D4192A5C629E0054C0A4 /* Build configuration list for PBXNativeTarget "webhook-testTests" */;
			buildPhases = (
				9666D3FE2A5C629E0054C0A4 /* Sources */,
				9666D3FF2A5C629E0054C0A4 /* Frameworks */,
				9666D4002A5C629E0054C0A4 /* Resources */,
			);
			buildRules = (
			);
			dependencies = (
				9666D4042A5C629E0054C0A4 /* PBXTargetDependency */,
			);
			name = "webhook-testTests";
			productName = "webhook-testTests";
			productReference = 9666D4022A5C629E0054C0A4 /* webhook-testTests.xctest */;
			productType = "com.apple.product-type.bundle.unit-test";
		};
		9666D40B2A5C629E0054C0A4 /* webhook-testUITests */ = {
			isa = PBXNativeTarget;
			buildConfigurationList = 9666D41C2A5C629E0054C0A4 /* Build configuration list for PBXNativeTarget "webhook-testUITests" */;
			buildPhases = (
				9666D4082A5C629E0054C0A4 /* Sources */,
				9666D4092A5C629E0054C0A4 /* Frameworks */,
				9666D40A2A5C629E0054C0A4 /* Resources */,
			);
			buildRules = (
			);
			dependencies = (
				9666D40E2A5C629E0054C0A4 /* PBXTargetDependency */,
			);
			name = "webhook-testUITests";
			productName = "webhook-testUITests";
			productReference = 9666D40C2A5C629E0054C0A4 /* webhook-testUITests.xctest */;
			productType = "com.apple.product-type.bundle.ui-testing";
		};
/* End PBXNativeTarget section */

/* Begin PBXProject section */
		9666D3EA2A5C629D0054C0A4 /* Project object */ = {
			isa = PBXProject;
			attributes = {
				BuildIndependentTargetsInParallel = 1;
				LastSwiftUpdateCheck = 1430;
				LastUpgradeCheck = 1430;
				TargetAttributes = {
					9666D3F12A5C629D0054C0A4 = {
						CreatedOnToolsVersion = 14.3;
					};
					9666D4012A5C629E0054C0A4 = {
						CreatedOnToolsVersion = 14.3;
						TestTargetID = 9666D3F12A5C629D0054C0A4;
					};
					9666D40B2A5C629E0054C0A4 = {
						CreatedOnToolsVersion = 14.3;
						TestTargetID = 9666D3F12A5C629D0054C0A4;
					};
				};
			};
			buildConfigurationList = 9666D3ED2A5C629D0054C0A4 /* Build configuration list for PBXProject "webhook-test" */;
			compatibilityVersion = "Xcode 14.0";
			developmentRegion = en;
			hasScannedForEncodings = 0;
			knownRegions = (
				en,
				Base,
				id,
			);
			mainGroup = 9666D3E92A5C629D0054C0A4;
			productRefGroup = 9666D3F32A5C629D0054C0A4 /* Products */;
			projectDirPath = "";
			projectRoot = "";
			targets = (
				9666D3F12A5C629D0054C0A4 /* webhook-test */,
				9666D4012A5C629E0054C0A4 /* webhook-testTests */,
				9666D40B2A5C629E0054C0A4 /* webhook-testUITests */,
			);
		};
/* End PBXProject section */

/* Begin PBXResourcesBuildPhase section */
		9666D3F02A5C629D0054C0A4 /* Resources */ = {
			isa = PBXResourcesBuildPhase;
			buildActionMask = 2147483647;
			files = (
				9666D4502A5C7C8F0054C0A4 /* ContentView.strings in Resources */,
				9666D3FD2A5C629E0054C0A4 /* Preview Assets.xcassets in Resources */,
				9666D4572A5C7E2D0054C0A4 /* BookView.strings in Resources */,
				9666D3FA2A5C629E0054C0A4 /* Assets.xcassets in Resources */,
			);
			runOnlyForDeploymentPostprocessing = 0;
		};
		9666D4002A5C629E0054C0A4 /* Resources */ = {
			isa = PBXResourcesBuildPhase;
			buildActionMask = 2147483647;
			files = (
			);
			runOnlyForDeploymentPostprocessing = 0;
		};
		9666D40A2A5C629E0054C0A4 /* Resources */ = {
			isa = PBXResourcesBuildPhase;
			buildActionMask = 2147483647;
			files = (
			);
			runOnlyForDeploymentPostprocessing = 0;
		};
/* End PBXResourcesBuildPhase section */

/* Begin PBXShellScriptBuildPhase section */
		9666D41F2A5C63D80054C0A4 /* Swiftlint */ = {
			isa = PBXShellScriptBuildPhase;
			alwaysOutOfDate = 1;
			buildActionMask = 2147483647;
			files = (
			);
			inputFileListPaths = (
			);
			inputPaths = (
			);
			name = Swiftlint;
			outputFileListPaths = (
			);
			outputPaths = (
			);
			runOnlyForDeploymentPostprocessing = 0;
			shellPath = /bin/sh;
			shellScript = "# Type a script or drag a script file from your workspace to insert its path.\nif [[ \"$(uname -m)\" == arm64 ]]; then\n    export PATH=\"/opt/homebrew/bin:$PATH\"\nfi\n\nif which swiftlint > /dev/null; then\n  swiftlint\nelse\n  echo \"warning: SwiftLint not installed, download from https://github.com/realm/SwiftLint\"\nfi\n";
		};
/* End PBXShellScriptBuildPhase section */

/* Begin PBXSourcesBuildPhase section */
		9666D3EE2A5C629D0054C0A4 /* Sources */ = {
			isa = PBXSourcesBuildPhase;
			buildActionMask = 2147483647;
			files = (
				9666D3F82A5C629D0054C0A4 /* ContentView.swift in Sources */,
				9666D3F62A5C629D0054C0A4 /* webhook_testApp.swift in Sources */,
				9666D4312A5C6A8C0054C0A4 /* Strings+Generated.swift in Sources */,
				9666D4322A5C6A8C0054C0A4 /* XCAssets+Generated.swift in Sources */,
			);
			runOnlyForDeploymentPostprocessing = 0;
		};
		9666D3FE2A5C629E0054C0A4 /* Sources */ = {
			isa = PBXSourcesBuildPhase;
			buildActionMask = 2147483647;
			files = (
				9666D4072A5C629E0054C0A4 /* webhook_testTests.swift in Sources */,
			);
			runOnlyForDeploymentPostprocessing = 0;
		};
		9666D4082A5C629E0054C0A4 /* Sources */ = {
			isa = PBXSourcesBuildPhase;
			buildActionMask = 2147483647;
			files = (
				9666D4132A5C629E0054C0A4 /* webhook_testUITestsLaunchTests.swift in Sources */,
				9666D4112A5C629E0054C0A4 /* webhook_testUITests.swift in Sources */,
			);
			runOnlyForDeploymentPostprocessing = 0;
		};
/* End PBXSourcesBuildPhase section */

/* Begin PBXTargetDependency section */
		9666D4042A5C629E0054C0A4 /* PBXTargetDependency */ = {
			isa = PBXTargetDependency;
			target = 9666D3F12A5C629D0054C0A4 /* webhook-test */;
			targetProxy = 9666D4032A5C629E0054C0A4 /* PBXContainerItemProxy */;
		};
		9666D40E2A5C629E0054C0A4 /* PBXTargetDependency */ = {
			isa = PBXTargetDependency;
			target = 9666D3F12A5C629D0054C0A4 /* webhook-test */;
			targetProxy = 9666D40D2A5C629E0054C0A4 /* PBXContainerItemProxy */;
		};
/* End PBXTargetDependency section */

/* Begin PBXVariantGroup section */
		9666D4522A5C7C8F0054C0A4 /* ContentView.strings */ = {
			isa = PBXVariantGroup;
			children = (
				9666D4512A5C7C8F0054C0A4 /* en */,
				9666D4532A5C7C920054C0A4 /* id */,
			);
			name = ContentView.strings;
			sourceTree = "<group>";
		};
		9666D4592A5C7E2D0054C0A4 /* BookView.strings */ = {
			isa = PBXVariantGroup;
			children = (
				9666D4582A5C7E2D0054C0A4 /* en */,
				9666D45A2A5C7E2E0054C0A4 /* id */,
			);
			name = BookView.strings;
			sourceTree = "<group>";
		};
/* End PBXVariantGroup section */

/* Begin XCBuildConfiguration section */
		9666D4142A5C629E0054C0A4 /* Debug */ = {
			isa = XCBuildConfiguration;
			buildSettings = {
				ALWAYS_SEARCH_USER_PATHS = NO;
				CLANG_ANALYZER_NONNULL = YES;
				CLANG_ANALYZER_NUMBER_OBJECT_CONVERSION = YES_AGGRESSIVE;
				CLANG_CXX_LANGUAGE_STANDARD = "gnu++20";
				CLANG_ENABLE_MODULES = YES;
				CLANG_ENABLE_OBJC_ARC = YES;
				CLANG_ENABLE_OBJC_WEAK = YES;
				CLANG_WARN_BLOCK_CAPTURE_AUTORELEASING = YES;
				CLANG_WARN_BOOL_CONVERSION = YES;
				CLANG_WARN_COMMA = YES;
				CLANG_WARN_CONSTANT_CONVERSION = YES;
				CLANG_WARN_DEPRECATED_OBJC_IMPLEMENTATIONS = YES;
				CLANG_WARN_DIRECT_OBJC_ISA_USAGE = YES_ERROR;
				CLANG_WARN_DOCUMENTATION_COMMENTS = YES;
				CLANG_WARN_EMPTY_BODY = YES;
				CLANG_WARN_ENUM_CONVERSION = YES;
				CLANG_WARN_INFINITE_RECURSION = YES;
				CLANG_WARN_INT_CONVERSION = YES;
				CLANG_WARN_NON_LITERAL_NULL_CONVERSION = YES;
				CLANG_WARN_OBJC_IMPLICIT_RETAIN_SELF = YES;
				CLANG_WARN_OBJC_LITERAL_CONVERSION = YES;
				CLANG_WARN_OBJC_ROOT_CLASS = YES_ERROR;
				CLANG_WARN_QUOTED_INCLUDE_IN_FRAMEWORK_HEADER = YES;
				CLANG_WARN_RANGE_LOOP_ANALYSIS = YES;
				CLANG_WARN_STRICT_PROTOTYPES = YES;
				CLANG_WARN_SUSPICIOUS_MOVE = YES;
				CLANG_WARN_UNGUARDED_AVAILABILITY = YES_AGGRESSIVE;
				CLANG_WARN_UNREACHABLE_CODE = YES;
				CLANG_WARN__DUPLICATE_METHOD_MATCH = YES;
				COPY_PHASE_STRIP = NO;
				DEBUG_INFORMATION_FORMAT = dwarf;
				ENABLE_STRICT_OBJC_MSGSEND = YES;
				ENABLE_TESTABILITY = YES;
				GCC_C_LANGUAGE_STANDARD = gnu11;
				GCC_DYNAMIC_NO_PIC = NO;
				GCC_NO_COMMON_BLOCKS = YES;
				GCC_OPTIMIZATION_LEVEL = 0;
				GCC_PREPROCESSOR_DEFINITIONS = (
					"DEBUG=1",
					"$(inherited)",
				);
				GCC_WARN_64_TO_32_BIT_CONVERSION = YES;
				GCC_WARN_ABOUT_RETURN_TYPE = YES_ERROR;
				GCC_WARN_UNDECLARED_SELECTOR = YES;
				GCC_WARN_UNINITIALIZED_AUTOS = YES_AGGRESSIVE;
				GCC_WARN_UNUSED_FUNCTION = YES;
				GCC_WARN_UNUSED_VARIABLE = YES;
				IPHONEOS_DEPLOYMENT_TARGET = 16.4;
				MTL_ENABLE_DEBUG_INFO = INCLUDE_SOURCE;
				MTL_FAST_MATH = YES;
				ONLY_ACTIVE_ARCH = YES;
				SDKROOT = iphoneos;
				SWIFT_ACTIVE_COMPILATION_CONDITIONS = DEBUG;
				SWIFT_OPTIMIZATION_LEVEL = "-Onone";
			};
			name = Debug;
		};
		9666D4152A5C629E0054C0A4 /* Release */ = {
			isa = XCBuildConfiguration;
			buildSettings = {
				ALWAYS_SEARCH_USER_PATHS = NO;
				CLANG_ANALYZER_NONNULL = YES;
				CLANG_ANALYZER_NUMBER_OBJECT_CONVERSION = YES_AGGRESSIVE;
				CLANG_CXX_LANGUAGE_STANDARD = "gnu++20";
				CLANG_ENABLE_MODULES = YES;
				CLANG_ENABLE_OBJC_ARC = YES;
				CLANG_ENABLE_OBJC_WEAK = YES;
				CLANG_WARN_BLOCK_CAPTURE_AUTORELEASING = YES;
				CLANG_WARN_BOOL_CONVERSION = YES;
				CLANG_WARN_COMMA = YES;
				CLANG_WARN_CONSTANT_CONVERSION = YES;
				CLANG_WARN_DEPRECATED_OBJC_IMPLEMENTATIONS = YES;
				CLANG_WARN_DIRECT_OBJC_ISA_USAGE = YES_ERROR;
				CLANG_WARN_DOCUMENTATION_COMMENTS = YES;
				CLANG_WARN_EMPTY_BODY = YES;
				CLANG_WARN_ENUM_CONVERSION = YES;
				CLANG_WARN_INFINITE_RECURSION = YES;
				CLANG_WARN_INT_CONVERSION = YES;
				CLANG_WARN_NON_LITERAL_NULL_CONVERSION = YES;
				CLANG_WARN_OBJC_IMPLICIT_RETAIN_SELF = YES;
				CLANG_WARN_OBJC_LITERAL_CONVERSION = YES;
				CLANG_WARN_OBJC_ROOT_CLASS = YES_ERROR;
				CLANG_WARN_QUOTED_INCLUDE_IN_FRAMEWORK_HEADER = YES;
				CLANG_WARN_RANGE_LOOP_ANALYSIS = YES;
				CLANG_WARN_STRICT_PROTOTYPES = YES;
				CLANG_WARN_SUSPICIOUS_MOVE = YES;
				CLANG_WARN_UNGUARDED_AVAILABILITY = YES_AGGRESSIVE;
				CLANG_WARN_UNREACHABLE_CODE = YES;
				CLANG_WARN__DUPLICATE_METHOD_MATCH = YES;
				COPY_PHASE_STRIP = NO;
				DEBUG_INFORMATION_FORMAT = "dwarf-with-dsym";
				ENABLE_NS_ASSERTIONS = NO;
				ENABLE_STRICT_OBJC_MSGSEND = YES;
				GCC_C_LANGUAGE_STANDARD = gnu11;
				GCC_NO_COMMON_BLOCKS = YES;
				GCC_WARN_64_TO_32_BIT_CONVERSION = YES;
				GCC_WARN_ABOUT_RETURN_TYPE = YES_ERROR;
				GCC_WARN_UNDECLARED_SELECTOR = YES;
				GCC_WARN_UNINITIALIZED_AUTOS = YES_AGGRESSIVE;
				GCC_WARN_UNUSED_FUNCTION = YES;
				GCC_WARN_UNUSED_VARIABLE = YES;
				IPHONEOS_DEPLOYMENT_TARGET = 16.4;
				MTL_ENABLE_DEBUG_INFO = NO;
				MTL_FAST_MATH = YES;
				SDKROOT = iphoneos;
				SWIFT_COMPILATION_MODE = wholemodule;
				SWIFT_OPTIMIZATION_LEVEL = "-O";
				VALIDATE_PRODUCT = YES;
			};
			name = Release;
		};
		9666D4172A5C629E0054C0A4 /* Debug */ = {
			isa = XCBuildConfiguration;
			buildSettings = {
				ASSETCATALOG_COMPILER_APPICON_NAME = AppIcon;
				ASSETCATALOG_COMPILER_GLOBAL_ACCENT_COLOR_NAME = AccentColor;
				CODE_SIGN_STYLE = Automatic;
				CURRENT_PROJECT_VERSION = 1;
				DEVELOPMENT_ASSET_PATHS = "\"webhook-test/Preview Content\"";
				DEVELOPMENT_TEAM = G85YYYKRLS;
				ENABLE_PREVIEWS = YES;
				GENERATE_INFOPLIST_FILE = YES;
				INFOPLIST_KEY_UIApplicationSceneManifest_Generation = YES;
				INFOPLIST_KEY_UIApplicationSupportsIndirectInputEvents = YES;
				INFOPLIST_KEY_UILaunchScreen_Generation = YES;
				INFOPLIST_KEY_UISupportedInterfaceOrientations_iPad = "UIInterfaceOrientationPortrait UIInterfaceOrientationPortraitUpsideDown UIInterfaceOrientationLandscapeLeft UIInterfaceOrientationLandscapeRight";
				INFOPLIST_KEY_UISupportedInterfaceOrientations_iPhone = "UIInterfaceOrientationPortrait UIInterfaceOrientationLandscapeLeft UIInterfaceOrientationLandscapeRight";
				LD_RUNPATH_SEARCH_PATHS = (
					"$(inherited)",
					"@executable_path/Frameworks",
				);
				MARKETING_VERSION = 1.0;
				PRODUCT_BUNDLE_IDENTIFIER = "JSS.webhook-test";
				PRODUCT_NAME = "$(TARGET_NAME)";
				SWIFT_EMIT_LOC_STRINGS = YES;
				SWIFT_VERSION = 5.0;
				TARGETED_DEVICE_FAMILY = "1,2";
			};
			name = Debug;
		};
		9666D4182A5C629E0054C0A4 /* Release */ = {
			isa = XCBuildConfiguration;
			buildSettings = {
				ASSETCATALOG_COMPILER_APPICON_NAME = AppIcon;
				ASSETCATALOG_COMPILER_GLOBAL_ACCENT_COLOR_NAME = AccentColor;
				CODE_SIGN_STYLE = Automatic;
				CURRENT_PROJECT_VERSION = 1;
				DEVELOPMENT_ASSET_PATHS = "\"webhook-test/Preview Content\"";
				DEVELOPMENT_TEAM = G85YYYKRLS;
				ENABLE_PREVIEWS = YES;
				GENERATE_INFOPLIST_FILE = YES;
				INFOPLIST_KEY_UIApplicationSceneManifest_Generation = YES;
				INFOPLIST_KEY_UIApplicationSupportsIndirectInputEvents = YES;
				INFOPLIST_KEY_UILaunchScreen_Generation = YES;
				INFOPLIST_KEY_UISupportedInterfaceOrientations_iPad = "UIInterfaceOrientationPortrait UIInterfaceOrientationPortraitUpsideDown UIInterfaceOrientationLandscapeLeft UIInterfaceOrientationLandscapeRight";
				INFOPLIST_KEY_UISupportedInterfaceOrientations_iPhone = "UIInterfaceOrientationPortrait UIInterfaceOrientationLandscapeLeft UIInterfaceOrientationLandscapeRight";
				LD_RUNPATH_SEARCH_PATHS = (
					"$(inherited)",
					"@executable_path/Frameworks",
				);
				MARKETING_VERSION = 1.0;
				PRODUCT_BUNDLE_IDENTIFIER = "JSS.webhook-test";
				PRODUCT_NAME = "$(TARGET_NAME)";
				SWIFT_EMIT_LOC_STRINGS = YES;
				SWIFT_VERSION = 5.0;
				TARGETED_DEVICE_FAMILY = "1,2";
			};
			name = Release;
		};
		9666D41A2A5C629E0054C0A4 /* Debug */ = {
			isa = XCBuildConfiguration;
			buildSettings = {
				ALWAYS_EMBED_SWIFT_STANDARD_LIBRARIES = YES;
				BUNDLE_LOADER = "$(TEST_HOST)";
				CODE_SIGN_STYLE = Automatic;
				CURRENT_PROJECT_VERSION = 1;
				DEVELOPMENT_TEAM = G85YYYKRLS;
				GENERATE_INFOPLIST_FILE = YES;
				IPHONEOS_DEPLOYMENT_TARGET = 16.4;
				MARKETING_VERSION = 1.0;
				PRODUCT_BUNDLE_IDENTIFIER = "JSS.webhook-testTests";
				PRODUCT_NAME = "$(TARGET_NAME)";
				SWIFT_EMIT_LOC_STRINGS = NO;
				SWIFT_VERSION = 5.0;
				TARGETED_DEVICE_FAMILY = "1,2";
				TEST_HOST = "$(BUILT_PRODUCTS_DIR)/webhook-test.app/$(BUNDLE_EXECUTABLE_FOLDER_PATH)/webhook-test";
			};
			name = Debug;
		};
		9666D41B2A5C629E0054C0A4 /* Release */ = {
			isa = XCBuildConfiguration;
			buildSettings = {
				ALWAYS_EMBED_SWIFT_STANDARD_LIBRARIES = YES;
				BUNDLE_LOADER = "$(TEST_HOST)";
				CODE_SIGN_STYLE = Automatic;
				CURRENT_PROJECT_VERSION = 1;
				DEVELOPMENT_TEAM = G85YYYKRLS;
				GENERATE_INFOPLIST_FILE = YES;
				IPHONEOS_DEPLOYMENT_TARGET = 16.4;
				MARKETING_VERSION = 1.0;
				PRODUCT_BUNDLE_IDENTIFIER = "JSS.webhook-testTests";
				PRODUCT_NAME = "$(TARGET_NAME)";
				SWIFT_EMIT_LOC_STRINGS = NO;
				SWIFT_VERSION = 5.0;
				TARGETED_DEVICE_FAMILY = "1,2";
				TEST_HOST = "$(BUILT_PRODUCTS_DIR)/webhook-test.app/$(BUNDLE_EXECUTABLE_FOLDER_PATH)/webhook-test";
			};
			name = Release;
		};
		9666D41D2A5C629E0054C0A4 /* Debug */ = {
			isa = XCBuildConfiguration;
			buildSettings = {
				ALWAYS_EMBED_SWIFT_STANDARD_LIBRARIES = YES;
				CODE_SIGN_STYLE = Automatic;
				CURRENT_PROJECT_VERSION = 1;
				DEVELOPMENT_TEAM = G85YYYKRLS;
				GENERATE_INFOPLIST_FILE = YES;
				MARKETING_VERSION = 1.0;
				PRODUCT_BUNDLE_IDENTIFIER = "JSS.webhook-testUITests";
				PRODUCT_NAME = "$(TARGET_NAME)";
				SWIFT_EMIT_LOC_STRINGS = NO;
				SWIFT_VERSION = 5.0;
				TARGETED_DEVICE_FAMILY = "1,2";
				TEST_TARGET_NAME = "webhook-test";
			};
			name = Debug;
		};
		9666D41E2A5C629E0054C0A4 /* Release */ = {
			isa = XCBuildConfiguration;
			buildSettings = {
				ALWAYS_EMBED_SWIFT_STANDARD_LIBRARIES = YES;
				CODE_SIGN_STYLE = Automatic;
				CURRENT_PROJECT_VERSION = 1;
				DEVELOPMENT_TEAM = G85YYYKRLS;
				GENERATE_INFOPLIST_FILE = YES;
				MARKETING_VERSION = 1.0;
				PRODUCT_BUNDLE_IDENTIFIER = "JSS.webhook-testUITests";
				PRODUCT_NAME = "$(TARGET_NAME)";
				SWIFT_EMIT_LOC_STRINGS = NO;
				SWIFT_VERSION = 5.0;
				TARGETED_DEVICE_FAMILY = "1,2";
				TEST_TARGET_NAME = "webhook-test";
			};
			name = Release;
		};
/* End XCBuildConfiguration section */

/* Begin XCConfigurationList section */
		9666D3ED2A5C629D0054C0A4 /* Build configuration list for PBXProject "webhook-test" */ = {
			isa = XCConfigurationList;
			buildConfigurations = (
				9666D4142A5C629E0054C0A4 /* Debug */,
				9666D4152A5C629E0054C0A4 /* Release */,
			);
			defaultConfigurationIsVisible = 0;
			defaultConfigurationName = Release;
		};
		9666D4162A5C629E0054C0A4 /* Build configuration list for PBXNativeTarget "webhook-test" */ = {
			isa = XCConfigurationList;
			buildConfigurations = (
				9666D4172A5C629E0054C0A4 /* Debug */,
				9666D4182A5C629E0054C0A4 /* Release */,
			);
			defaultConfigurationIsVisible = 0;
			defaultConfigurationName = Release;
		};
		9666D4192A5C629E0054C0A4 /* Build configuration list for PBXNativeTarget "webhook-testTests" */ = {
			isa = XCConfigurationList;
			buildConfigurations = (
				9666D41A2A5C629E0054C0A4 /* Debug */,
				9666D41B2A5C629E0054C0A4 /* Release */,
			);
			defaultConfigurationIsVisible = 0;
			defaultConfigurationName = Release;
		};
		9666D41C2A5C629E0054C0A4 /* Build configuration list for PBXNativeTarget "webhook-testUITests" */ = {
			isa = XCConfigurationList;
			buildConfigurations = (
				9666D41D2A5C629E0054C0A4 /* Debug */,
				9666D41E2A5C629E0054C0A4 /* Release */,
			);
			defaultConfigurationIsVisible = 0;
			defaultConfigurationName = Release;
		};
/* End XCConfigurationList section */
	};
	rootObject = 9666D3EA2A5C629D0054C0A4 /* Project object */;
}
